
Microsoft Visual Studio Solution File, Format Version 12.00
Project("{FAE04EC0-301F-11D3-BF4B-00C04F79EFBC}") = "ServiceTemplate", "ServiceTemplate\ServiceTemplate.csproj", "{56B5A916-FCDF-4C9B-B66C-688676AA0A7C}"
EndProject
Project("{FAE04EC0-301F-11D3-BF4B-00C04F79EFBC}") = "Template.FrontApi", "Template.FrontApi\Template.FrontApi.csproj", "{9C5DFBC8-0059-4DCC-97C9-CDDA306F5EA5}"
EndProject
Project("{FAE04EC0-301F-11D3-BF4B-00C04F79EFBC}") = "Template.FrontApi.Db", "Template.FrontApi.Db\Template.FrontApi.Db.csproj", "{BC9A1E5B-5304-4AD8-8DF3-7619C406478B}"
EndProject
Project("{FAE04EC0-301F-11D3-BF4B-00C04F79EFBC}") = "Template.FrontApi.Models", "Template.FrontApi.Models\Template.FrontApi.Models.csproj", "{8D18A5A7-B724-479F-BAAA-9E4906115647}"
EndProject
Project("{FAE04EC0-301F-11D3-BF4B-00C04F79EFBC}") = "Core.Db", "Core\Core.Db\Core.Db.csproj", "{934324B3-AB87-4138-B853-D37147D2E71F}"
EndProject
Project("{FAE04EC0-301F-11D3-BF4B-00C04F79EFBC}") = "Core.Db.Configuration", "Core\Core.Db.Configuration\Core.Db.Configuration.csproj", "{BC8A403E-369B-4175-A49B-0DB3282AC4FB}"
EndProject
Project("{FAE04EC0-301F-11D3-BF4B-00C04F79EFBC}") = "Core.Service.Domain.Startup", "Core\Core.Service.Domain.Startup\Core.Service.Domain.Startup.csproj", "{3D828B2F-A1A7-4D5F-94E4-184E35EF9505}"
EndProject
Project("{FAE04EC0-301F-11D3-BF4B-00C04F79EFBC}") = "Core.KafkaClient", "Core\Core.KafkaClient\Core.KafkaClient.csproj", "{21B509ED-0368-4AEB-88E7-B0E9087F7081}"
EndProject
Project("{FAE04EC0-301F-11D3-BF4B-00C04F79EFBC}") = "AuthService", "AuthService\AuthService.csproj", "{FC102041-15B9-42C5-9303-C944FFAFC212}"
EndProject
Global
	GlobalSection(SolutionConfigurationPlatforms) = preSolution
		Debug|Any CPU = Debug|Any CPU
		Release|Any CPU = Release|Any CPU
	EndGlobalSection
	GlobalSection(ProjectConfigurationPlatforms) = postSolution
		{56B5A916-FCDF-4C9B-B66C-688676AA0A7C}.Debug|Any CPU.ActiveCfg = Debug|Any CPU
		{56B5A916-FCDF-4C9B-B66C-688676AA0A7C}.Debug|Any CPU.Build.0 = Debug|Any CPU
		{56B5A916-FCDF-4C9B-B66C-688676AA0A7C}.Release|Any CPU.ActiveCfg = Release|Any CPU
		{56B5A916-FCDF-4C9B-B66C-688676AA0A7C}.Release|Any CPU.Build.0 = Release|Any CPU
		{9C5DFBC8-0059-4DCC-97C9-CDDA306F5EA5}.Debug|Any CPU.ActiveCfg = Debug|Any CPU
		{9C5DFBC8-0059-4DCC-97C9-CDDA306F5EA5}.Debug|Any CPU.Build.0 = Debug|Any CPU
		{9C5DFBC8-0059-4DCC-97C9-CDDA306F5EA5}.Release|Any CPU.ActiveCfg = Release|Any CPU
		{9C5DFBC8-0059-4DCC-97C9-CDDA306F5EA5}.Release|Any CPU.Build.0 = Release|Any CPU
		{BC9A1E5B-5304-4AD8-8DF3-7619C406478B}.Debug|Any CPU.ActiveCfg = Debug|Any CPU
		{BC9A1E5B-5304-4AD8-8DF3-7619C406478B}.Debug|Any CPU.Build.0 = Debug|Any CPU
		{BC9A1E5B-5304-4AD8-8DF3-7619C406478B}.Release|Any CPU.ActiveCfg = Release|Any CPU
		{BC9A1E5B-5304-4AD8-8DF3-7619C406478B}.Release|Any CPU.Build.0 = Release|Any CPU
		{8D18A5A7-B724-479F-BAAA-9E4906115647}.Debug|Any CPU.ActiveCfg = Debug|Any CPU
		{8D18A5A7-B724-479F-BAAA-9E4906115647}.Debug|Any CPU.Build.0 = Debug|Any CPU
		{8D18A5A7-B724-479F-BAAA-9E4906115647}.Release|Any CPU.ActiveCfg = Release|Any CPU
		{8D18A5A7-B724-479F-BAAA-9E4906115647}.Release|Any CPU.Build.0 = Release|Any CPU
		{934324B3-AB87-4138-B853-D37147D2E71F}.Debug|Any CPU.ActiveCfg = Debug|Any CPU
		{934324B3-AB87-4138-B853-D37147D2E71F}.Debug|Any CPU.Build.0 = Debug|Any CPU
		{934324B3-AB87-4138-B853-D37147D2E71F}.Release|Any CPU.ActiveCfg = Release|Any CPU
		{934324B3-AB87-4138-B853-D37147D2E71F}.Release|Any CPU.Build.0 = Release|Any CPU
		{BC8A403E-369B-4175-A49B-0DB3282AC4FB}.Debug|Any CPU.ActiveCfg = Debug|Any CPU
		{BC8A403E-369B-4175-A49B-0DB3282AC4FB}.Debug|Any CPU.Build.0 = Debug|Any CPU
		{BC8A403E-369B-4175-A49B-0DB3282AC4FB}.Release|Any CPU.ActiveCfg = Release|Any CPU
		{BC8A403E-369B-4175-A49B-0DB3282AC4FB}.Release|Any CPU.Build.0 = Release|Any CPU
		{3D828B2F-A1A7-4D5F-94E4-184E35EF9505}.Debug|Any CPU.ActiveCfg = Debug|Any CPU
		{3D828B2F-A1A7-4D5F-94E4-184E35EF9505}.Debug|Any CPU.Build.0 = Debug|Any CPU
		{3D828B2F-A1A7-4D5F-94E4-184E35EF9505}.Release|Any CPU.ActiveCfg = Release|Any CPU
		{3D828B2F-A1A7-4D5F-94E4-184E35EF9505}.Release|Any CPU.Build.0 = Release|Any CPU
		{21B509ED-0368-4AEB-88E7-B0E9087F7081}.Debug|Any CPU.ActiveCfg = Debug|Any CPU
		{21B509ED-0368-4AEB-88E7-B0E9087F7081}.Debug|Any CPU.Build.0 = Debug|Any CPU
		{21B509ED-0368-4AEB-88E7-B0E9087F7081}.Release|Any CPU.ActiveCfg = Release|Any CPU
		{21B509ED-0368-4AEB-88E7-B0E9087F7081}.Release|Any CPU.Build.0 = Release|Any CPU
		{FC102041-15B9-42C5-9303-C944FFAFC212}.Debug|Any CPU.ActiveCfg = Debug|Any CPU
		{FC102041-15B9-42C5-9303-C944FFAFC212}.Debug|Any CPU.Build.0 = Debug|Any CPU
		{FC102041-15B9-42C5-9303-C944FFAFC212}.Release|Any CPU.ActiveCfg = Release|Any CPU
		{FC102041-15B9-42C5-9303-C944FFAFC212}.Release|Any CPU.Build.0 = Release|Any CPU
	EndGlobalSection
EndGlobal
