
Microsoft Visual Studio Solution File, Format Version 12.00
Project("{FAE04EC0-301F-11D3-BF4B-00C04F79EFBC}") = "AsyncCourse.Template.Api", "AsyncCourse.Template.Api\AsyncCourse.Template.Api.csproj", "{6D7FF2E3-DF27-4A69-823F-87030C0D54BD}"
EndProject
Project("{FAE04EC0-301F-11D3-BF4B-00C04F79EFBC}") = "AsyncCourse.Template.Api.Db", "AsyncCourse.Template.Api.Db\AsyncCourse.Template.Api.Db.csproj", "{02678C4A-B1E1-4E45-8F88-BC72B5EB1568}"
EndProject
Project("{FAE04EC0-301F-11D3-BF4B-00C04F79EFBC}") = "AsyncCourse.Template.Api.Models", "AsyncCourse.Template.Api.Models\AsyncCourse.Template.Api.Models.csproj", "{534637E5-0340-4AE5-81CB-461F2E06B546}"
EndProject
Project("{2150E333-8FDC-42A3-9474-1A3956D46DE8}") = "Core", "Core", "{D1CB4734-1DD8-4189-9408-419F9B46D56B}"
EndProject
Project("{FAE04EC0-301F-11D3-BF4B-00C04F79EFBC}") = "AsyncCourse.Core.Db", "..\..\Core\AsyncCourse.Core.Db\AsyncCourse.Core.Db.csproj", "{D1BDF690-5C4F-4647-9048-3F13A39B0F68}"
EndProject
Project("{FAE04EC0-301F-11D3-BF4B-00C04F79EFBC}") = "AsyncCourse.Core.Db.Configuration", "..\..\Core\AsyncCourse.Core.Db.Configuration\AsyncCourse.Core.Db.Configuration.csproj", "{A5853CF8-8F9C-42FD-8A16-A6535D08FD66}"
EndProject
Project("{2150E333-8FDC-42A3-9474-1A3956D46DE8}") = "Db", "Db", "{4018584C-F97E-4CD1-A3E2-47D515644AE7}"
EndProject
Project("{2150E333-8FDC-42A3-9474-1A3956D46DE8}") = "Template", "Template", "{3B57DA42-B146-4C9A-BBF5-3CE6AD6C3ECE}"
EndProject
Project("{2150E333-8FDC-42A3-9474-1A3956D46DE8}") = "Domain", "Domain", "{CE151605-557D-46ED-8A96-784CF1178038}"
EndProject
Project("{2150E333-8FDC-42A3-9474-1A3956D46DE8}") = "Service", "Service", "{B616ABD0-60B6-432F-A8DF-798BF41463FB}"
EndProject
Project("{FAE04EC0-301F-11D3-BF4B-00C04F79EFBC}") = "AsyncCourse.Core.Service.Domain.Startup", "..\..\Core\AsyncCourse.Core.Service.Domain.Startup\AsyncCourse.Core.Service.Domain.Startup.csproj", "{EB2518B2-F30B-4D3B-B2EF-66C86D6F7C09}"
EndProject
Project("{FAE04EC0-301F-11D3-BF4B-00C04F79EFBC}") = "AsyncCourse.Core", "..\..\Core\AsyncCourse.Core\AsyncCourse.Core.csproj", "{7316AC8D-E17E-404F-AC22-C20700A2C304}"
EndProject
Global
	GlobalSection(SolutionConfigurationPlatforms) = preSolution
		Debug|Any CPU = Debug|Any CPU
		Release|Any CPU = Release|Any CPU
	EndGlobalSection
	GlobalSection(ProjectConfigurationPlatforms) = postSolution
		{6D7FF2E3-DF27-4A69-823F-87030C0D54BD}.Debug|Any CPU.ActiveCfg = Debug|Any CPU
		{6D7FF2E3-DF27-4A69-823F-87030C0D54BD}.Debug|Any CPU.Build.0 = Debug|Any CPU
		{6D7FF2E3-DF27-4A69-823F-87030C0D54BD}.Release|Any CPU.ActiveCfg = Release|Any CPU
		{6D7FF2E3-DF27-4A69-823F-87030C0D54BD}.Release|Any CPU.Build.0 = Release|Any CPU
		{02678C4A-B1E1-4E45-8F88-BC72B5EB1568}.Debug|Any CPU.ActiveCfg = Debug|Any CPU
		{02678C4A-B1E1-4E45-8F88-BC72B5EB1568}.Debug|Any CPU.Build.0 = Debug|Any CPU
		{02678C4A-B1E1-4E45-8F88-BC72B5EB1568}.Release|Any CPU.ActiveCfg = Release|Any CPU
		{02678C4A-B1E1-4E45-8F88-BC72B5EB1568}.Release|Any CPU.Build.0 = Release|Any CPU
		{534637E5-0340-4AE5-81CB-461F2E06B546}.Debug|Any CPU.ActiveCfg = Debug|Any CPU
		{534637E5-0340-4AE5-81CB-461F2E06B546}.Debug|Any CPU.Build.0 = Debug|Any CPU
		{534637E5-0340-4AE5-81CB-461F2E06B546}.Release|Any CPU.ActiveCfg = Release|Any CPU
		{534637E5-0340-4AE5-81CB-461F2E06B546}.Release|Any CPU.Build.0 = Release|Any CPU
		{D1BDF690-5C4F-4647-9048-3F13A39B0F68}.Debug|Any CPU.ActiveCfg = Debug|Any CPU
		{D1BDF690-5C4F-4647-9048-3F13A39B0F68}.Debug|Any CPU.Build.0 = Debug|Any CPU
		{D1BDF690-5C4F-4647-9048-3F13A39B0F68}.Release|Any CPU.ActiveCfg = Release|Any CPU
		{D1BDF690-5C4F-4647-9048-3F13A39B0F68}.Release|Any CPU.Build.0 = Release|Any CPU
		{A5853CF8-8F9C-42FD-8A16-A6535D08FD66}.Debug|Any CPU.ActiveCfg = Debug|Any CPU
		{A5853CF8-8F9C-42FD-8A16-A6535D08FD66}.Debug|Any CPU.Build.0 = Debug|Any CPU
		{A5853CF8-8F9C-42FD-8A16-A6535D08FD66}.Release|Any CPU.ActiveCfg = Release|Any CPU
		{A5853CF8-8F9C-42FD-8A16-A6535D08FD66}.Release|Any CPU.Build.0 = Release|Any CPU
		{EB2518B2-F30B-4D3B-B2EF-66C86D6F7C09}.Debug|Any CPU.ActiveCfg = Debug|Any CPU
		{EB2518B2-F30B-4D3B-B2EF-66C86D6F7C09}.Debug|Any CPU.Build.0 = Debug|Any CPU
		{EB2518B2-F30B-4D3B-B2EF-66C86D6F7C09}.Release|Any CPU.ActiveCfg = Release|Any CPU
		{EB2518B2-F30B-4D3B-B2EF-66C86D6F7C09}.Release|Any CPU.Build.0 = Release|Any CPU
		{7316AC8D-E17E-404F-AC22-C20700A2C304}.Debug|Any CPU.ActiveCfg = Debug|Any CPU
		{7316AC8D-E17E-404F-AC22-C20700A2C304}.Debug|Any CPU.Build.0 = Debug|Any CPU
		{7316AC8D-E17E-404F-AC22-C20700A2C304}.Release|Any CPU.ActiveCfg = Release|Any CPU
		{7316AC8D-E17E-404F-AC22-C20700A2C304}.Release|Any CPU.Build.0 = Release|Any CPU
	EndGlobalSection
	GlobalSection(NestedProjects) = preSolution
		{4018584C-F97E-4CD1-A3E2-47D515644AE7} = {D1CB4734-1DD8-4189-9408-419F9B46D56B}
		{D1BDF690-5C4F-4647-9048-3F13A39B0F68} = {4018584C-F97E-4CD1-A3E2-47D515644AE7}
		{A5853CF8-8F9C-42FD-8A16-A6535D08FD66} = {4018584C-F97E-4CD1-A3E2-47D515644AE7}
		{6D7FF2E3-DF27-4A69-823F-87030C0D54BD} = {3B57DA42-B146-4C9A-BBF5-3CE6AD6C3ECE}
		{CE151605-557D-46ED-8A96-784CF1178038} = {3B57DA42-B146-4C9A-BBF5-3CE6AD6C3ECE}
		{02678C4A-B1E1-4E45-8F88-BC72B5EB1568} = {CE151605-557D-46ED-8A96-784CF1178038}
		{534637E5-0340-4AE5-81CB-461F2E06B546} = {CE151605-557D-46ED-8A96-784CF1178038}
		{B616ABD0-60B6-432F-A8DF-798BF41463FB} = {D1CB4734-1DD8-4189-9408-419F9B46D56B}
		{EB2518B2-F30B-4D3B-B2EF-66C86D6F7C09} = {B616ABD0-60B6-432F-A8DF-798BF41463FB}
		{7316AC8D-E17E-404F-AC22-C20700A2C304} = {B616ABD0-60B6-432F-A8DF-798BF41463FB}
	EndGlobalSection
EndGlobal
